
Microsoft Visual Studio Solution File, Format Version 12.00
# Visual Studio Version 16
VisualStudioVersion = 16.0.29709.97
MinimumVisualStudioVersion = 10.0.40219.1
Project("{FAE04EC0-301F-11D3-BF4B-00C04F79EFBC}") = "AdapterDesignPattern", "AdapterDesignPattern.csproj", "{0F421E8A-0AE9-4F42-AA02-DDB9B0E71DF3}"
EndProject
Global
	GlobalSection(SolutionConfigurationPlatforms) = preSolution
		Debug|Any CPU = Debug|Any CPU
		Release|Any CPU = Release|Any CPU
	EndGlobalSection
	GlobalSection(ProjectConfigurationPlatforms) = postSolution
		{0F421E8A-0AE9-4F42-AA02-DDB9B0E71DF3}.Debug|Any CPU.ActiveCfg = Debug|Any CPU
		{0F421E8A-0AE9-4F42-AA02-DDB9B0E71DF3}.Debug|Any CPU.Build.0 = Debug|Any CPU
		{0F421E8A-0AE9-4F42-AA02-DDB9B0E71DF3}.Release|Any CPU.ActiveCfg = Release|Any CPU
		{0F421E8A-0AE9-4F42-AA02-DDB9B0E71DF3}.Release|Any CPU.Build.0 = Release|Any CPU
	EndGlobalSection
	GlobalSection(SolutionProperties) = preSolution
		HideSolutionNode = FALSE
	EndGlobalSection
	GlobalSection(ExtensibilityGlobals) = postSolution
		SolutionGuid = {18417499-C8E4-47B1-BA54-3EBE5EC688CD}
	EndGlobalSection
EndGlobal
