
Microsoft Visual Studio Solution File, Format Version 12.00
# Visual Studio Version 16
VisualStudioVersion = 16.0.29709.97
MinimumVisualStudioVersion = 10.0.40219.1
Project("{FAE04EC0-301F-11D3-BF4B-00C04F79EFBC}") = "FactoryDesignPattern", "FactoryDesignPattern.csproj", "{890398EA-FCF6-43C6-9060-BAE88BF9136F}"
EndProject
Global
	GlobalSection(SolutionConfigurationPlatforms) = preSolution
		Debug|Any CPU = Debug|Any CPU
		Release|Any CPU = Release|Any CPU
	EndGlobalSection
	GlobalSection(ProjectConfigurationPlatforms) = postSolution
		{890398EA-FCF6-43C6-9060-BAE88BF9136F}.Debug|Any CPU.ActiveCfg = Debug|Any CPU
		{890398EA-FCF6-43C6-9060-BAE88BF9136F}.Debug|Any CPU.Build.0 = Debug|Any CPU
		{890398EA-FCF6-43C6-9060-BAE88BF9136F}.Release|Any CPU.ActiveCfg = Release|Any CPU
		{890398EA-FCF6-43C6-9060-BAE88BF9136F}.Release|Any CPU.Build.0 = Release|Any CPU
	EndGlobalSection
	GlobalSection(SolutionProperties) = preSolution
		HideSolutionNode = FALSE
	EndGlobalSection
	GlobalSection(ExtensibilityGlobals) = postSolution
		SolutionGuid = {8DE06292-D637-4F13-A712-485CC00857BF}
	EndGlobalSection
EndGlobal
